dependencies:
- name: common
  repository: https://charts.bitnami.com/bitnami
  version: 2.27.0
- name: nectarlib
  repository: oci://registry.rc.nectar.org.au/nectar-helm
  version: 3.0.3
digest: sha256:652f93e6cf013c9ddc997216bc955b008c8673e0484f57ef7c7b9b45d2c347b5
generated: "2025-03-03T03:14:21.793509877Z"
